
Microsoft Visual Studio Solution File, Format Version 12.00
# Visual Studio Version 17
VisualStudioVersion = 17.4.33103.184
MinimumVisualStudioVersion = 10.0.40219.1
Project("{FAE04EC0-301F-11D3-BF4B-00C04F79EFBC}") = "SeriLog_Demo", "SeriLog_Demo\SeriLog_Demo.csproj", "{21B99336-57A8-4F29-9D5A-9E1210776E61}"
EndProject
Global
	GlobalSection(SolutionConfigurationPlatforms) = preSolution
		Debug|Any CPU = Debug|Any CPU
		Release|Any CPU = Release|Any CPU
	EndGlobalSection
	GlobalSection(ProjectConfigurationPlatforms) = postSolution
		{21B99336-57A8-4F29-9D5A-9E1210776E61}.Debug|Any CPU.ActiveCfg = Debug|Any CPU
		{21B99336-57A8-4F29-9D5A-9E1210776E61}.Debug|Any CPU.Build.0 = Debug|Any CPU
		{21B99336-57A8-4F29-9D5A-9E1210776E61}.Release|Any CPU.ActiveCfg = Release|Any CPU
		{21B99336-57A8-4F29-9D5A-9E1210776E61}.Release|Any CPU.Build.0 = Release|Any CPU
	EndGlobalSection
	GlobalSection(SolutionProperties) = preSolution
		HideSolutionNode = FALSE
	EndGlobalSection
	GlobalSection(ExtensibilityGlobals) = postSolution
		SolutionGuid = {CAEE7355-FE72-40F9-97D9-D6F32FE55DE2}
	EndGlobalSection
EndGlobal
